// !$*UTF8*$!
{
	archiveVersion = 1;
	classes = {
	};
	objectVersion = 50;
	objects = {

/* Begin PBXBuildFile section */
		AB06C24724101F2400961991 /* AppDelegate.swift in Sources */ = {isa = PBXBuildFile; fileRef = AB06C24624101F2400961991 /* AppDelegate.swift */; };
		AB06C24924101F2400961991 /* SceneDelegate.swift in Sources */ = {isa = PBXBuildFile; fileRef = AB06C24824101F2400961991 /* SceneDelegate.swift */; };
		AB06C24B24101F2400961991 /* LoginViewController.swift in Sources */ = {isa = PBXBuildFile; fileRef = AB06C24A24101F2400961991 /* LoginViewController.swift */; };
		AB06C24E24101F2400961991 /* Main.storyboard in Resources */ = {isa = PBXBuildFile; fileRef = AB06C24C24101F2400961991 /* Main.storyboard */; };
		AB06C25024101F2500961991 /* Assets.xcassets in Resources */ = {isa = PBXBuildFile; fileRef = AB06C24F24101F2500961991 /* Assets.xcassets */; };
		AB06C25324101F2500961991 /* LaunchScreen.storyboard in Resources */ = {isa = PBXBuildFile; fileRef = AB06C25124101F2500961991 /* LaunchScreen.storyboard */; };
		AB06C25E2410241100961991 /* student.png in Resources */ = {isa = PBXBuildFile; fileRef = AB06C25D2410241100961991 /* student.png */; };
		AB06C26224105D2C00961991 /* PasswordUtil.swift in Sources */ = {isa = PBXBuildFile; fileRef = AB06C26124105D2C00961991 /* PasswordUtil.swift */; };
		AB06C26424105F2000961991 /* ObjectManager.swift in Sources */ = {isa = PBXBuildFile; fileRef = AB06C26324105F2000961991 /* ObjectManager.swift */; };
		AB06C2662410600500961991 /* Admin.swift in Sources */ = {isa = PBXBuildFile; fileRef = AB06C2652410600500961991 /* Admin.swift */; };
		AB06C2682410606F00961991 /* Person.swift in Sources */ = {isa = PBXBuildFile; fileRef = AB06C2672410606F00961991 /* Person.swift */; };
		AB06C26A241060F000961991 /* Contact.swift in Sources */ = {isa = PBXBuildFile; fileRef = AB06C269241060F000961991 /* Contact.swift */; };
		AB06C26C2410611F00961991 /* Validations.swift in Sources */ = {isa = PBXBuildFile; fileRef = AB06C26B2410611F00961991 /* Validations.swift */; };
		AB06C26E2410614A00961991 /* Address.swift in Sources */ = {isa = PBXBuildFile; fileRef = AB06C26D2410614A00961991 /* Address.swift */; };
		AB06C271241061BE00961991 /* String+Extensions.swift in Sources */ = {isa = PBXBuildFile; fileRef = AB06C270241061BE00961991 /* String+Extensions.swift */; };
		AB06C273241061D200961991 /* Float+Extensions.swift in Sources */ = {isa = PBXBuildFile; fileRef = AB06C272241061D200961991 /* Float+Extensions.swift */; };
		AB06C275241061E600961991 /* Double+Extensions.swift in Sources */ = {isa = PBXBuildFile; fileRef = AB06C274241061E600961991 /* Double+Extensions.swift */; };
		AB06C2772410620100961991 /* Date+Extensions.swift in Sources */ = {isa = PBXBuildFile; fileRef = AB06C2762410620100961991 /* Date+Extensions.swift */; };
		AB6DE4CD241B0DA4007E7668 /* Bill.swift in Sources */ = {isa = PBXBuildFile; fileRef = AB6DE4CC241B0DA4007E7668 /* Bill.swift */; };
		AB6DE4CF241B0DE8007E7668 /* HydroBill.swift in Sources */ = {isa = PBXBuildFile; fileRef = AB6DE4CE241B0DE8007E7668 /* HydroBill.swift */; };
		AB6DE4D2241B0E8B007E7668 /* HydroProvider.swift in Sources */ = {isa = PBXBuildFile; fileRef = AB6DE4D1241B0E8B007E7668 /* HydroProvider.swift */; };
		AB6DE4D4241B0EA9007E7668 /* CellPhoneProvider.swift in Sources */ = {isa = PBXBuildFile; fileRef = AB6DE4D3241B0EA9007E7668 /* CellPhoneProvider.swift */; };
		AB6DE4D6241B0EBC007E7668 /* InternetProvider.swift in Sources */ = {isa = PBXBuildFile; fileRef = AB6DE4D5241B0EBC007E7668 /* InternetProvider.swift */; };
		AB6DE4D8241B0EE0007E7668 /* InternetBill.swift in Sources */ = {isa = PBXBuildFile; fileRef = AB6DE4D7241B0EE0007E7668 /* InternetBill.swift */; };
		AB6DE4DA241B0F0B007E7668 /* MobileBill.swift in Sources */ = {isa = PBXBuildFile; fileRef = AB6DE4D9241B0F0B007E7668 /* MobileBill.swift */; };
		AB6DE4DE241BC09D007E7668 /* BillDetailViewController.swift in Sources */ = {isa = PBXBuildFile; fileRef = AB6DE4DD241BC09D007E7668 /* BillDetailViewController.swift */; };
		AB6DE4E0241BE1C6007E7668 /* AddBillViewController.swift in Sources */ = {isa = PBXBuildFile; fileRef = AB6DE4DF241BE1C6007E7668 /* AddBillViewController.swift */; };
		AB8C6C23241321D7007FB758 /* AddCustomerViewController.swift in Sources */ = {isa = PBXBuildFile; fileRef = AB8C6C22241321D7007FB758 /* AddCustomerViewController.swift */; };
		AB8C6C252413FF8B007FB758 /* TextField+Extensions.swift in Sources */ = {isa = PBXBuildFile; fileRef = AB8C6C242413FF8B007FB758 /* TextField+Extensions.swift */; };
		AB8C6C4B24144822007FB758 /* headshot.jpg in Resources */ = {isa = PBXBuildFile; fileRef = AB8C6C4A24144822007FB758 /* headshot.jpg */; };
		AB8C6C4D2414496C007FB758 /* hh.jpg in Resources */ = {isa = PBXBuildFile; fileRef = AB8C6C4C2414496C007FB758 /* hh.jpg */; };
		AB8C6C4F241463B9007FB758 /* mail.png in Resources */ = {isa = PBXBuildFile; fileRef = AB8C6C4E241463B9007FB758 /* mail.png */; };
		AB8C6C51241465DE007FB758 /* phone.png in Resources */ = {isa = PBXBuildFile; fileRef = AB8C6C50241465DE007FB758 /* phone.png */; };
		AB8C6C532414A2A9007FB758 /* placeholderHeadshotMale.jpg in Resources */ = {isa = PBXBuildFile; fileRef = AB8C6C522414A2A9007FB758 /* placeholderHeadshotMale.jpg */; };
		AB8C6C562414A499007FB758 /* placeholderHeadshotFemale.jpg in Resources */ = {isa = PBXBuildFile; fileRef = AB8C6C552414A499007FB758 /* placeholderHeadshotFemale.jpg */; };
		ABFDBF2A2411DA9C0077F025 /* CustomerListViewController.swift in Sources */ = {isa = PBXBuildFile; fileRef = ABFDBF292411DA9C0077F025 /* CustomerListViewController.swift */; };
		ABFDBF2C2411DDD10077F025 /* Customer.swift in Sources */ = {isa = PBXBuildFile; fileRef = ABFDBF2B2411DDD10077F025 /* Customer.swift */; };
		ABFDBF302411E8C90077F025 /* CustomerDetailViewController.swift in Sources */ = {isa = PBXBuildFile; fileRef = ABFDBF2F2411E8C90077F025 /* CustomerDetailViewController.swift */; };
/* End PBXBuildFile section */

/* Begin PBXFileReference section */
		AB06C24324101F2400961991 /* C0773839_MidTerm_MAD3115W2020.app */ = {isa = PBXFileReference; explicitFileType = wrapper.application; includeInIndex = 0; path = C0773839_MidTerm_MAD3115W2020.app; sourceTree = BUILT_PRODUCTS_DIR; };
		AB06C24624101F2400961991 /* AppDelegate.swift */ = {isa = PBXFileReference; lastKnownFileType = sourcecode.swift; path = AppDelegate.swift; sourceTree = "<group>"; };
		AB06C24824101F2400961991 /* SceneDelegate.swift */ = {isa = PBXFileReference; lastKnownFileType = sourcecode.swift; path = SceneDelegate.swift; sourceTree = "<group>"; };
		AB06C24A24101F2400961991 /* LoginViewController.swift */ = {isa = PBXFileReference; lastKnownFileType = sourcecode.swift; path = LoginViewController.swift; sourceTree = "<group>"; };
		AB06C24D24101F2400961991 /* Base */ = {isa = PBXFileReference; lastKnownFileType = file.storyboard; name = Base; path = Base.lproj/Main.storyboard; sourceTree = "<group>"; };
		AB06C24F24101F2500961991 /* Assets.xcassets */ = {isa = PBXFileReference; lastKnownFileType = folder.assetcatalog; path = Assets.xcassets; sourceTree = "<group>"; };
		AB06C25224101F2500961991 /* Base */ = {isa = PBXFileReference; lastKnownFileType = file.storyboard; name = Base; path = Base.lproj/LaunchScreen.storyboard; sourceTree = "<group>"; };
		AB06C25424101F2500961991 /* Info.plist */ = {isa = PBXFileReference; lastKnownFileType = text.plist.xml; path = Info.plist; sourceTree = "<group>"; };
		AB06C25D2410241100961991 /* student.png */ = {isa = PBXFileReference; lastKnownFileType = image.png; path = student.png; sourceTree = "<group>"; };
		AB06C26124105D2C00961991 /* PasswordUtil.swift */ = {isa = PBXFileReference; lastKnownFileType = sourcecode.swift; path = PasswordUtil.swift; sourceTree = "<group>"; };
		AB06C26324105F2000961991 /* ObjectManager.swift */ = {isa = PBXFileReference; lastKnownFileType = sourcecode.swift; path = ObjectManager.swift; sourceTree = "<group>"; };
		AB06C2652410600500961991 /* Admin.swift */ = {isa = PBXFileReference; lastKnownFileType = sourcecode.swift; path = Admin.swift; sourceTree = "<group>"; };
		AB06C2672410606F00961991 /* Person.swift */ = {isa = PBXFileReference; lastKnownFileType = sourcecode.swift; path = Person.swift; sourceTree = "<group>"; };
		AB06C269241060F000961991 /* Contact.swift */ = {isa = PBXFileReference; lastKnownFileType = sourcecode.swift; path = Contact.swift; sourceTree = "<group>"; };
		AB06C26B2410611F00961991 /* Validations.swift */ = {isa = PBXFileReference; lastKnownFileType = sourcecode.swift; path = Validations.swift; sourceTree = "<group>"; };
		AB06C26D2410614A00961991 /* Address.swift */ = {isa = PBXFileReference; lastKnownFileType = sourcecode.swift; path = Address.swift; sourceTree = "<group>"; };
		AB06C270241061BE00961991 /* String+Extensions.swift */ = {isa = PBXFileReference; lastKnownFileType = sourcecode.swift; path = "String+Extensions.swift"; sourceTree = "<group>"; };
		AB06C272241061D200961991 /* Float+Extensions.swift */ = {isa = PBXFileReference; lastKnownFileType = sourcecode.swift; path = "Float+Extensions.swift"; sourceTree = "<group>"; };
		AB06C274241061E600961991 /* Double+Extensions.swift */ = {isa = PBXFileReference; lastKnownFileType = sourcecode.swift; path = "Double+Extensions.swift"; sourceTree = "<group>"; };
		AB06C2762410620100961991 /* Date+Extensions.swift */ = {isa = PBXFileReference; lastKnownFileType = sourcecode.swift; path = "Date+Extensions.swift"; sourceTree = "<group>"; };
		AB6DE4CC241B0DA4007E7668 /* Bill.swift */ = {isa = PBXFileReference; lastKnownFileType = sourcecode.swift; path = Bill.swift; sourceTree = "<group>"; };
		AB6DE4CE241B0DE8007E7668 /* HydroBill.swift */ = {isa = PBXFileReference; lastKnownFileType = sourcecode.swift; path = HydroBill.swift; sourceTree = "<group>"; };
		AB6DE4D1241B0E8B007E7668 /* HydroProvider.swift */ = {isa = PBXFileReference; lastKnownFileType = sourcecode.swift; path = HydroProvider.swift; sourceTree = "<group>"; };
		AB6DE4D3241B0EA9007E7668 /* CellPhoneProvider.swift */ = {isa = PBXFileReference; lastKnownFileType = sourcecode.swift; path = CellPhoneProvider.swift; sourceTree = "<group>"; };
		AB6DE4D5241B0EBC007E7668 /* InternetProvider.swift */ = {isa = PBXFileReference; lastKnownFileType = sourcecode.swift; path = InternetProvider.swift; sourceTree = "<group>"; };
		AB6DE4D7241B0EE0007E7668 /* InternetBill.swift */ = {isa = PBXFileReference; lastKnownFileType = sourcecode.swift; path = InternetBill.swift; sourceTree = "<group>"; };
		AB6DE4D9241B0F0B007E7668 /* MobileBill.swift */ = {isa = PBXFileReference; lastKnownFileType = sourcecode.swift; path = MobileBill.swift; sourceTree = "<group>"; };
		AB6DE4DD241BC09D007E7668 /* BillDetailViewController.swift */ = {isa = PBXFileReference; lastKnownFileType = sourcecode.swift; path = BillDetailViewController.swift; sourceTree = "<group>"; };
		AB6DE4DF241BE1C6007E7668 /* AddBillViewController.swift */ = {isa = PBXFileReference; lastKnownFileType = sourcecode.swift; path = AddBillViewController.swift; sourceTree = "<group>"; };
		AB8C6C22241321D7007FB758 /* AddCustomerViewController.swift */ = {isa = PBXFileReference; lastKnownFileType = sourcecode.swift; path = AddCustomerViewController.swift; sourceTree = "<group>"; };
		AB8C6C242413FF8B007FB758 /* TextField+Extensions.swift */ = {isa = PBXFileReference; lastKnownFileType = sourcecode.swift; path = "TextField+Extensions.swift"; sourceTree = "<group>"; };
		AB8C6C4A24144822007FB758 /* headshot.jpg */ = {isa = PBXFileReference; lastKnownFileType = image.jpeg; path = headshot.jpg; sourceTree = "<group>"; };
		AB8C6C4C2414496C007FB758 /* hh.jpg */ = {isa = PBXFileReference; lastKnownFileType = image.jpeg; path = hh.jpg; sourceTree = "<group>"; };
		AB8C6C4E241463B9007FB758 /* mail.png */ = {isa = PBXFileReference; lastKnownFileType = image.png; path = mail.png; sourceTree = "<group>"; };
		AB8C6C50241465DE007FB758 /* phone.png */ = {isa = PBXFileReference; lastKnownFileType = image.png; path = phone.png; sourceTree = "<group>"; };
		AB8C6C522414A2A9007FB758 /* placeholderHeadshotMale.jpg */ = {isa = PBXFileReference; lastKnownFileType = image.jpeg; path = placeholderHeadshotMale.jpg; sourceTree = "<group>"; };
		AB8C6C552414A499007FB758 /* placeholderHeadshotFemale.jpg */ = {isa = PBXFileReference; lastKnownFileType = image.jpeg; path = placeholderHeadshotFemale.jpg; sourceTree = "<group>"; };
		ABFDBF292411DA9C0077F025 /* CustomerListViewController.swift */ = {isa = PBXFileReference; lastKnownFileType = sourcecode.swift; path = CustomerListViewController.swift; sourceTree = "<group>"; };
		ABFDBF2B2411DDD10077F025 /* Customer.swift */ = {isa = PBXFileReference; lastKnownFileType = sourcecode.swift; path = Customer.swift; sourceTree = "<group>"; };
		ABFDBF2F2411E8C90077F025 /* CustomerDetailViewController.swift */ = {isa = PBXFileReference; lastKnownFileType = sourcecode.swift; path = CustomerDetailViewController.swift; sourceTree = "<group>"; };
/* End PBXFileReference section */

/* Begin PBXFrameworksBuildPhase section */
		AB06C24024101F2400961991 /* Frameworks */ = {
			isa = PBXFrameworksBuildPhase;
			buildActionMask = 2147483647;
			files = (
			);
			runOnlyForDeploymentPostprocessing = 0;
		};
/* End PBXFrameworksBuildPhase section */

/* Begin PBXGroup section */
		AB06C23A24101F2300961991 = {
			isa = PBXGroup;
			children = (
				AB06C25A2410239000961991 /* images */,
				AB06C24524101F2400961991 /* C0773839_MidTerm_MAD3115W2020 */,
				AB06C24424101F2400961991 /* Products */,
			);
			sourceTree = "<group>";
		};
		AB06C24424101F2400961991 /* Products */ = {
			isa = PBXGroup;
			children = (
				AB06C24324101F2400961991 /* C0773839_MidTerm_MAD3115W2020.app */,
			);
			name = Products;
			sourceTree = "<group>";
		};
		AB06C24524101F2400961991 /* C0773839_MidTerm_MAD3115W2020 */ = {
			isa = PBXGroup;
			children = (
				AB06C26F2410619E00961991 /* Extensions */,
				AB06C26024105CF600961991 /* Helper */,
				AB06C25F24105CC400961991 /* Model */,
				AB06C24624101F2400961991 /* AppDelegate.swift */,
				AB06C24824101F2400961991 /* SceneDelegate.swift */,
				AB06C24A24101F2400961991 /* LoginViewController.swift */,
				AB06C24C24101F2400961991 /* Main.storyboard */,
				AB06C24F24101F2500961991 /* Assets.xcassets */,
				AB06C25124101F2500961991 /* LaunchScreen.storyboard */,
				AB06C25424101F2500961991 /* Info.plist */,
				ABFDBF292411DA9C0077F025 /* CustomerListViewController.swift */,
				ABFDBF2F2411E8C90077F025 /* CustomerDetailViewController.swift */,
				AB8C6C22241321D7007FB758 /* AddCustomerViewController.swift */,
				AB6DE4DD241BC09D007E7668 /* BillDetailViewController.swift */,
				AB6DE4DF241BE1C6007E7668 /* AddBillViewController.swift */,
			);
			path = C0773839_MidTerm_MAD3115W2020;
			sourceTree = "<group>";
		};
		AB06C25A2410239000961991 /* images */ = {
			isa = PBXGroup;
			children = (
				AB8C6C522414A2A9007FB758 /* placeholderHeadshotMale.jpg */,
				AB8C6C552414A499007FB758 /* placeholderHeadshotFemale.jpg */,
				AB8C6C50241465DE007FB758 /* phone.png */,
				AB8C6C4E241463B9007FB758 /* mail.png */,
				AB8C6C4C2414496C007FB758 /* hh.jpg */,
				AB8C6C4A24144822007FB758 /* headshot.jpg */,
				AB06C25D2410241100961991 /* student.png */,
			);
			path = images;
			sourceTree = "<group>";
		};
		AB06C25F24105CC400961991 /* Model */ = {
			isa = PBXGroup;
			children = (
				AB6DE4D0241B0E79007E7668 /* Provider */,
				AB6DE4CB241B0D91007E7668 /* Bill */,
				AB06C26324105F2000961991 /* ObjectManager.swift */,
				AB06C2652410600500961991 /* Admin.swift */,
				AB06C2672410606F00961991 /* Person.swift */,
				AB06C269241060F000961991 /* Contact.swift */,
				AB06C26D2410614A00961991 /* Address.swift */,
				ABFDBF2B2411DDD10077F025 /* Customer.swift */,
			);
			path = Model;
			sourceTree = "<group>";
		};
		AB06C26024105CF600961991 /* Helper */ = {
			isa = PBXGroup;
			children = (
				AB06C26124105D2C00961991 /* PasswordUtil.swift */,
				AB06C26B2410611F00961991 /* Validations.swift */,
			);
			path = Helper;
			sourceTree = "<group>";
		};
		AB06C26F2410619E00961991 /* Extensions */ = {
			isa = PBXGroup;
			children = (
				AB06C270241061BE00961991 /* String+Extensions.swift */,
				AB06C272241061D200961991 /* Float+Extensions.swift */,
				AB06C274241061E600961991 /* Double+Extensions.swift */,
				AB06C2762410620100961991 /* Date+Extensions.swift */,
				AB8C6C242413FF8B007FB758 /* TextField+Extensions.swift */,
			);
			path = Extensions;
			sourceTree = "<group>";
		};
		AB6DE4CB241B0D91007E7668 /* Bill */ = {
			isa = PBXGroup;
			children = (
				AB6DE4CC241B0DA4007E7668 /* Bill.swift */,
				AB6DE4CE241B0DE8007E7668 /* HydroBill.swift */,
				AB6DE4D7241B0EE0007E7668 /* InternetBill.swift */,
				AB6DE4D9241B0F0B007E7668 /* MobileBill.swift */,
			);
			path = Bill;
			sourceTree = "<group>";
		};
		AB6DE4D0241B0E79007E7668 /* Provider */ = {
			isa = PBXGroup;
			children = (
				AB6DE4D1241B0E8B007E7668 /* HydroProvider.swift */,
				AB6DE4D3241B0EA9007E7668 /* CellPhoneProvider.swift */,
				AB6DE4D5241B0EBC007E7668 /* InternetProvider.swift */,
			);
			path = Provider;
			sourceTree = "<group>";
		};
/* End PBXGroup section */

/* Begin PBXNativeTarget section */
		AB06C24224101F2400961991 /* C0773839_MidTerm_MAD3115W2020 */ = {
			isa = PBXNativeTarget;
			buildConfigurationList = AB06C25724101F2500961991 /* Build configuration list for PBXNativeTarget "C0773839_MidTerm_MAD3115W2020" */;
			buildPhases = (
				AB06C23F24101F2400961991 /* Sources */,
				AB06C24024101F2400961991 /* Frameworks */,
				AB06C24124101F2400961991 /* Resources */,
			);
			buildRules = (
			);
			dependencies = (
			);
			name = C0773839_MidTerm_MAD3115W2020;
			productName = C0773839_MidTerm_MAD3115W2020;
			productReference = AB06C24324101F2400961991 /* C0773839_MidTerm_MAD3115W2020.app */;
			productType = "com.apple.product-type.application";
		};
/* End PBXNativeTarget section */

/* Begin PBXProject section */
		AB06C23B24101F2300961991 /* Project object */ = {
			isa = PBXProject;
			attributes = {
				LastSwiftUpdateCheck = 1130;
				LastUpgradeCheck = 1130;
				ORGANIZATIONNAME = com.lambton;
				TargetAttributes = {
					AB06C24224101F2400961991 = {
						CreatedOnToolsVersion = 11.3.1;
					};
				};
			};
			buildConfigurationList = AB06C23E24101F2400961991 /* Build configuration list for PBXProject "C0773839_MidTerm_MAD3115W2020" */;
			compatibilityVersion = "Xcode 9.3";
			developmentRegion = en;
			hasScannedForEncodings = 0;
			knownRegions = (
				en,
				Base,
			);
			mainGroup = AB06C23A24101F2300961991;
			productRefGroup = AB06C24424101F2400961991 /* Products */;
			projectDirPath = "";
			projectRoot = "";
			targets = (
				AB06C24224101F2400961991 /* C0773839_MidTerm_MAD3115W2020 */,
			);
		};
/* End PBXProject section */

/* Begin PBXResourcesBuildPhase section */
		AB06C24124101F2400961991 /* Resources */ = {
			isa = PBXResourcesBuildPhase;
			buildActionMask = 2147483647;
			files = (
				AB8C6C532414A2A9007FB758 /* placeholderHeadshotMale.jpg in Resources */,
				AB8C6C4F241463B9007FB758 /* mail.png in Resources */,
				AB06C25324101F2500961991 /* LaunchScreen.storyboard in Resources */,
				AB06C25E2410241100961991 /* student.png in Resources */,
				AB8C6C4B24144822007FB758 /* headshot.jpg in Resources */,
				AB8C6C4D2414496C007FB758 /* hh.jpg in Resources */,
				AB06C25024101F2500961991 /* Assets.xcassets in Resources */,
				AB8C6C562414A499007FB758 /* placeholderHeadshotFemale.jpg in Resources */,
				AB8C6C51241465DE007FB758 /* phone.png in Resources */,
				AB06C24E24101F2400961991 /* Main.storyboard in Resources */,
			);
			runOnlyForDeploymentPostprocessing = 0;
		};
/* End PBXResourcesBuildPhase section */

/* Begin PBXSourcesBuildPhase section */
		AB06C23F24101F2400961991 /* Sources */ = {
			isa = PBXSourcesBuildPhase;
			buildActionMask = 2147483647;
			files = (
				AB06C24B24101F2400961991 /* LoginViewController.swift in Sources */,
				AB06C275241061E600961991 /* Double+Extensions.swift in Sources */,
				AB6DE4DE241BC09D007E7668 /* BillDetailViewController.swift in Sources */,
				ABFDBF302411E8C90077F025 /* CustomerDetailViewController.swift in Sources */,
				AB06C271241061BE00961991 /* String+Extensions.swift in Sources */,
				AB06C24724101F2400961991 /* AppDelegate.swift in Sources */,
				AB8C6C252413FF8B007FB758 /* TextField+Extensions.swift in Sources */,
				AB06C26224105D2C00961991 /* PasswordUtil.swift in Sources */,
				AB6DE4D8241B0EE0007E7668 /* InternetBill.swift in Sources */,
				AB8C6C23241321D7007FB758 /* AddCustomerViewController.swift in Sources */,
				AB06C26424105F2000961991 /* ObjectManager.swift in Sources */,
				AB6DE4DA241B0F0B007E7668 /* MobileBill.swift in Sources */,
				AB6DE4D2241B0E8B007E7668 /* HydroProvider.swift in Sources */,
				AB6DE4CF241B0DE8007E7668 /* HydroBill.swift in Sources */,
				AB06C26E2410614A00961991 /* Address.swift in Sources */,
				ABFDBF2A2411DA9C0077F025 /* CustomerListViewController.swift in Sources */,
				AB6DE4D6241B0EBC007E7668 /* InternetProvider.swift in Sources */,
				AB06C26C2410611F00961991 /* Validations.swift in Sources */,
				AB06C26A241060F000961991 /* Contact.swift in Sources */,
				AB06C2772410620100961991 /* Date+Extensions.swift in Sources */,
				ABFDBF2C2411DDD10077F025 /* Customer.swift in Sources */,
				AB6DE4E0241BE1C6007E7668 /* AddBillViewController.swift in Sources */,
				AB6DE4D4241B0EA9007E7668 /* CellPhoneProvider.swift in Sources */,
				AB06C2682410606F00961991 /* Person.swift in Sources */,
				AB6DE4CD241B0DA4007E7668 /* Bill.swift in Sources */,
				AB06C24924101F2400961991 /* SceneDelegate.swift in Sources */,
				AB06C273241061D200961991 /* Float+Extensions.swift in Sources */,
				AB06C2662410600500961991 /* Admin.swift in Sources */,
			);
			runOnlyForDeploymentPostprocessing = 0;
		};
/* End PBXSourcesBuildPhase section */

/* Begin PBXVariantGroup section */
		AB06C24C24101F2400961991 /* Main.storyboard */ = {
			isa = PBXVariantGroup;
			children = (
				AB06C24D24101F2400961991 /* Base */,
			);
			name = Main.storyboard;
			sourceTree = "<group>";
		};
		AB06C25124101F2500961991 /* LaunchScreen.storyboard */ = {
			isa = PBXVariantGroup;
			children = (
				AB06C25224101F2500961991 /* Base */,
			);
			name = LaunchScreen.storyboard;
			sourceTree = "<group>";
		};
/* End PBXVariantGroup section */

/* Begin XCBuildConfiguration section */
		AB06C25524101F2500961991 /* Debug */ = {
			isa = XCBuildConfiguration;
			buildSettings = {
				ALWAYS_SEARCH_USER_PATHS = NO;
				CLANG_ANALYZER_NONNULL = YES;
				CLANG_ANALYZER_NUMBER_OBJECT_CONVERSION = YES_AGGRESSIVE;
				CLANG_CXX_LANGUAGE_STANDARD = "gnu++14";
				CLANG_CXX_LIBRARY = "libc++";
				CLANG_ENABLE_MODULES = YES;
				CLANG_ENABLE_OBJC_ARC = YES;
				CLANG_ENABLE_OBJC_WEAK = YES;
				CLANG_WARN_BLOCK_CAPTURE_AUTORELEASING = YES;
				CLANG_WARN_BOOL_CONVERSION = YES;
				CLANG_WARN_COMMA = YES;
				CLANG_WARN_CONSTANT_CONVERSION = YES;
				CLANG_WARN_DEPRECATED_OBJC_IMPLEMENTATIONS = YES;
				CLANG_WARN_DIRECT_OBJC_ISA_USAGE = YES_ERROR;
				CLANG_WARN_DOCUMENTATION_COMMENTS = YES;
				CLANG_WARN_EMPTY_BODY = YES;
				CLANG_WARN_ENUM_CONVERSION = YES;
				CLANG_WARN_INFINITE_RECURSION = YES;
				CLANG_WARN_INT_CONVERSION = YES;
				CLANG_WARN_NON_LITERAL_NULL_CONVERSION = YES;
				CLANG_WARN_OBJC_IMPLICIT_RETAIN_SELF = YES;
				CLANG_WARN_OBJC_LITERAL_CONVERSION = YES;
				CLANG_WARN_OBJC_ROOT_CLASS = YES_ERROR;
				CLANG_WARN_RANGE_LOOP_ANALYSIS = YES;
				CLANG_WARN_STRICT_PROTOTYPES = YES;
				CLANG_WARN_SUSPICIOUS_MOVE = YES;
				CLANG_WARN_UNGUARDED_AVAILABILITY = YES_AGGRESSIVE;
				CLANG_WARN_UNREACHABLE_CODE = YES;
				CLANG_WARN__DUPLICATE_METHOD_MATCH = YES;
				COPY_PHASE_STRIP = NO;
				DEBUG_INFORMATION_FORMAT = dwarf;
				ENABLE_STRICT_OBJC_MSGSEND = YES;
				ENABLE_TESTABILITY = YES;
				GCC_C_LANGUAGE_STANDARD = gnu11;
				GCC_DYNAMIC_NO_PIC = NO;
				GCC_NO_COMMON_BLOCKS = YES;
				GCC_OPTIMIZATION_LEVEL = 0;
				GCC_PREPROCESSOR_DEFINITIONS = (
					"DEBUG=1",
					"$(inherited)",
				);
				GCC_WARN_64_TO_32_BIT_CONVERSION = YES;
				GCC_WARN_ABOUT_RETURN_TYPE = YES_ERROR;
				GCC_WARN_UNDECLARED_SELECTOR = YES;
				GCC_WARN_UNINITIALIZED_AUTOS = YES_AGGRESSIVE;
				GCC_WARN_UNUSED_FUNCTION = YES;
				GCC_WARN_UNUSED_VARIABLE = YES;
				IPHONEOS_DEPLOYMENT_TARGET = 13.2;
				MTL_ENABLE_DEBUG_INFO = INCLUDE_SOURCE;
				MTL_FAST_MATH = YES;
				ONLY_ACTIVE_ARCH = YES;
				SDKROOT = iphoneos;
				SWIFT_ACTIVE_COMPILATION_CONDITIONS = DEBUG;
				SWIFT_OPTIMIZATION_LEVEL = "-Onone";
			};
			name = Debug;
		};
		AB06C25624101F2500961991 /* Release */ = {
			isa = XCBuildConfiguration;
			buildSettings = {
				ALWAYS_SEARCH_USER_PATHS = NO;
				CLANG_ANALYZER_NONNULL = YES;
				CLANG_ANALYZER_NUMBER_OBJECT_CONVERSION = YES_AGGRESSIVE;
				CLANG_CXX_LANGUAGE_STANDARD = "gnu++14";
				CLANG_CXX_LIBRARY = "libc++";
				CLANG_ENABLE_MODULES = YES;
				CLANG_ENABLE_OBJC_ARC = YES;
				CLANG_ENABLE_OBJC_WEAK = YES;
				CLANG_WARN_BLOCK_CAPTURE_AUTORELEASING = YES;
				CLANG_WARN_BOOL_CONVERSION = YES;
				CLANG_WARN_COMMA = YES;
				CLANG_WARN_CONSTANT_CONVERSION = YES;
				CLANG_WARN_DEPRECATED_OBJC_IMPLEMENTATIONS = YES;
				CLANG_WARN_DIRECT_OBJC_ISA_USAGE = YES_ERROR;
				CLANG_WARN_DOCUMENTATION_COMMENTS = YES;
				CLANG_WARN_EMPTY_BODY = YES;
				CLANG_WARN_ENUM_CONVERSION = YES;
				CLANG_WARN_INFINITE_RECURSION = YES;
				CLANG_WARN_INT_CONVERSION = YES;
				CLANG_WARN_NON_LITERAL_NULL_CONVERSION = YES;
				CLANG_WARN_OBJC_IMPLICIT_RETAIN_SELF = YES;
				CLANG_WARN_OBJC_LITERAL_CONVERSION = YES;
				CLANG_WARN_OBJC_ROOT_CLASS = YES_ERROR;
				CLANG_WARN_RANGE_LOOP_ANALYSIS = YES;
				CLANG_WARN_STRICT_PROTOTYPES = YES;
				CLANG_WARN_SUSPICIOUS_MOVE = YES;
				CLANG_WARN_UNGUARDED_AVAILABILITY = YES_AGGRESSIVE;
				CLANG_WARN_UNREACHABLE_CODE = YES;
				CLANG_WARN__DUPLICATE_METHOD_MATCH = YES;
				COPY_PHASE_STRIP = NO;
				DEBUG_INFORMATION_FORMAT = "dwarf-with-dsym";
				ENABLE_NS_ASSERTIONS = NO;
				ENABLE_STRICT_OBJC_MSGSEND = YES;
				GCC_C_LANGUAGE_STANDARD = gnu11;
				GCC_NO_COMMON_BLOCKS = YES;
				GCC_WARN_64_TO_32_BIT_CONVERSION = YES;
				GCC_WARN_ABOUT_RETURN_TYPE = YES_ERROR;
				GCC_WARN_UNDECLARED_SELECTOR = YES;
				GCC_WARN_UNINITIALIZED_AUTOS = YES_AGGRESSIVE;
				GCC_WARN_UNUSED_FUNCTION = YES;
				GCC_WARN_UNUSED_VARIABLE = YES;
				IPHONEOS_DEPLOYMENT_TARGET = 13.2;
				MTL_ENABLE_DEBUG_INFO = NO;
				MTL_FAST_MATH = YES;
				SDKROOT = iphoneos;
				SWIFT_COMPILATION_MODE = wholemodule;
				SWIFT_OPTIMIZATION_LEVEL = "-O";
				VALIDATE_PRODUCT = YES;
			};
			name = Release;
		};
		AB06C25824101F2500961991 /* Debug */ = {
			isa = XCBuildConfiguration;
			buildSettings = {
				ASSETCATALOG_COMPILER_APPICON_NAME = AppIcon;
				CODE_SIGN_STYLE = Automatic;
				INFOPLIST_FILE = C0773839_MidTerm_MAD3115W2020/Info.plist;
				LD_RUNPATH_SEARCH_PATHS = (
					"$(inherited)",
					"@executable_path/Frameworks",
				);
				PRODUCT_BUNDLE_IDENTIFIER = "lambton.C0773839-MidTerm-MAD3115W2020";
				PRODUCT_NAME = "$(TARGET_NAME)";
				SWIFT_VERSION = 5.0;
				TARGETED_DEVICE_FAMILY = "1,2";
			};
			name = Debug;
		};
		AB06C25924101F2500961991 /* Release */ = {
			isa = XCBuildConfiguration;
			buildSettings = {
				ASSETCATALOG_COMPILER_APPICON_NAME = AppIcon;
				CODE_SIGN_STYLE = Automatic;
				INFOPLIST_FILE = C0773839_MidTerm_MAD3115W2020/Info.plist;
				LD_RUNPATH_SEARCH_PATHS = (
					"$(inherited)",
					"@executable_path/Frameworks",
				);
				PRODUCT_BUNDLE_IDENTIFIER = "lambton.C0773839-MidTerm-MAD3115W2020";
				PRODUCT_NAME = "$(TARGET_NAME)";
				SWIFT_VERSION = 5.0;
				TARGETED_DEVICE_FAMILY = "1,2";
			};
			name = Release;
		};
/* End XCBuildConfiguration section */

/* Begin XCConfigurationList section */
		AB06C23E24101F2400961991 /* Build configuration list for PBXProject "C0773839_MidTerm_MAD3115W2020" */ = {
			isa = XCConfigurationList;
			buildConfigurations = (
				AB06C25524101F2500961991 /* Debug */,
				AB06C25624101F2500961991 /* Release */,
			);
			defaultConfigurationIsVisible = 0;
			defaultConfigurationName = Release;
		};
		AB06C25724101F2500961991 /* Build configuration list for PBXNativeTarget "C0773839_MidTerm_MAD3115W2020" */ = {
			isa = XCConfigurationList;
			buildConfigurations = (
				AB06C25824101F2500961991 /* Debug */,
				AB06C25924101F2500961991 /* Release */,
			);
			defaultConfigurationIsVisible = 0;
			defaultConfigurationName = Release;
		};
/* End XCConfigurationList section */
	};
	rootObject = AB06C23B24101F2300961991 /* Project object */;
}
